# This file is autogenerated, do not edit; changes may be undone by the next 'dep ensure'.


[[projects]]
  branch = "master"
  name = "github.com/pborman/getopt"
  packages = ["."]
  revision = "ee0cd42419d3adee9239dbd1c375717fe482dac7"

[solve-meta]
  analyzer-name = "dep"
  analyzer-version = 1
  inputs-digest = "df16c77d338962c50cd4837d843d3fb2804b2ff9597544525bc679b6cc297eb7"
  solver-name = "gps-cdcl"
  solver-version = 1
